// !$*UTF8*$!
{
	archiveVersion = 1;
	classes = {
	};
	objectVersion = 48;
	objects = {

/* Begin PBXBuildFile section */
		2E3707E31FAAE727002E772E /* AppDelegate.m in Sources */ = {isa = PBXBuildFile; fileRef = 2E3707E21FAAE727002E772E /* AppDelegate.m */; };
		2E3707E61FAAE727002E772E /* ViewController.m in Sources */ = {isa = PBXBuildFile; fileRef = 2E3707E51FAAE727002E772E /* ViewController.m */; };
		2E3707E91FAAE727002E772E /* Main.storyboard in Resources */ = {isa = PBXBuildFile; fileRef = 2E3707E71FAAE727002E772E /* Main.storyboard */; };
		2E3707EB1FAAE727002E772E /* Assets.xcassets in Resources */ = {isa = PBXBuildFile; fileRef = 2E3707EA1FAAE727002E772E /* Assets.xcassets */; };
		2E3707EE1FAAE727002E772E /* LaunchScreen.storyboard in Resources */ = {isa = PBXBuildFile; fileRef = 2E3707EC1FAAE727002E772E /* LaunchScreen.storyboard */; };
		2E3707F11FAAE727002E772E /* main.m in Sources */ = {isa = PBXBuildFile; fileRef = 2E3707F01FAAE727002E772E /* main.m */; };
		2E3707FB1FAAE727002E772E /* DelegateExampleTests.m in Sources */ = {isa = PBXBuildFile; fileRef = 2E3707FA1FAAE727002E772E /* DelegateExampleTests.m */; };
		2E3708061FAAE727002E772E /* DelegateExampleUITests.m in Sources */ = {isa = PBXBuildFile; fileRef = 2E3708051FAAE727002E772E /* DelegateExampleUITests.m */; };
		2E3708151FAAF34C002E772E /* UIView+LayoutMethods.m in Sources */ = {isa = PBXBuildFile; fileRef = 2E3708141FAAF34B002E772E /* UIView+LayoutMethods.m */; };
		2E3708181FAAF4A4002E772E /* SecondViewController.m in Sources */ = {isa = PBXBuildFile; fileRef = 2E3708171FAAF4A4002E772E /* SecondViewController.m */; };
		6458D195C89DBFFA8458C5CA /* Pods_DelegateExample.framework in Frameworks */ = {isa = PBXBuildFile; fileRef = 0D40BCC4C55C55EC4FDC76F9 /* Pods_DelegateExample.framework */; };
/* End PBXBuildFile section */

/* Begin PBXContainerItemProxy section */
		2E3707F71FAAE727002E772E /* PBXContainerItemProxy */ = {
			isa = PBXContainerItemProxy;
			containerPortal = 2E3707D61FAAE727002E772E /* Project object */;
			proxyType = 1;
			remoteGlobalIDString = 2E3707DD1FAAE727002E772E;
			remoteInfo = DelegateExample;
		};
		2E3708021FAAE727002E772E /* PBXContainerItemProxy */ = {
			isa = PBXContainerItemProxy;
			containerPortal = 2E3707D61FAAE727002E772E /* Project object */;
			proxyType = 1;
			remoteGlobalIDString = 2E3707DD1FAAE727002E772E;
			remoteInfo = DelegateExample;
		};
/* End PBXContainerItemProxy section */

/* Begin PBXFileReference section */
		0D40BCC4C55C55EC4FDC76F9 /* Pods_DelegateExample.framework */ = {isa = PBXFileReference; explicitFileType = wrapper.framework; includeInIndex = 0; path = Pods_DelegateExample.framework; sourceTree = BUILT_PRODUCTS_DIR; };
		2E3707DE1FAAE727002E772E /* DelegateExample.app */ = {isa = PBXFileReference; explicitFileType = wrapper.application; includeInIndex = 0; path = DelegateExample.app; sourceTree = BUILT_PRODUCTS_DIR; };
		2E3707E11FAAE727002E772E /* AppDelegate.h */ = {isa = PBXFileReference; lastKnownFileType = sourcecode.c.h; path = AppDelegate.h; sourceTree = "<group>"; };
		2E3707E21FAAE727002E772E /* AppDelegate.m */ = {isa = PBXFileReference; lastKnownFileType = sourcecode.c.objc; path = AppDelegate.m; sourceTree = "<group>"; };
		2E3707E41FAAE727002E772E /* ViewController.h */ = {isa = PBXFileReference; lastKnownFileType = sourcecode.c.h; path = ViewController.h; sourceTree = "<group>"; };
		2E3707E51FAAE727002E772E /* ViewController.m */ = {isa = PBXFileReference; lastKnownFileType = sourcecode.c.objc; path = ViewController.m; sourceTree = "<group>"; };
		2E3707E81FAAE727002E772E /* Base */ = {isa = PBXFileReference; lastKnownFileType = file.storyboard; name = Base; path = Base.lproj/Main.storyboard; sourceTree = "<group>"; };
		2E3707EA1FAAE727002E772E /* Assets.xcassets */ = {isa = PBXFileReference; lastKnownFileType = folder.assetcatalog; path = Assets.xcassets; sourceTree = "<group>"; };
		2E3707ED1FAAE727002E772E /* Base */ = {isa = PBXFileReference; lastKnownFileType = file.storyboard; name = Base; path = Base.lproj/LaunchScreen.storyboard; sourceTree = "<group>"; };
		2E3707EF1FAAE727002E772E /* Info.plist */ = {isa = PBXFileReference; lastKnownFileType = text.plist.xml; path = Info.plist; sourceTree = "<group>"; };
		2E3707F01FAAE727002E772E /* main.m */ = {isa = PBXFileReference; lastKnownFileType = sourcecode.c.objc; path = main.m; sourceTree = "<group>"; };
		2E3707F61FAAE727002E772E /* DelegateExampleTests.xctest */ = {isa = PBXFileReference; explicitFileType = wrapper.cfbundle; includeInIndex = 0; path = DelegateExampleTests.xctest; sourceTree = BUILT_PRODUCTS_DIR; };
		2E3707FA1FAAE727002E772E /* DelegateExampleTests.m */ = {isa = PBXFileReference; lastKnownFileType = sourcecode.c.objc; path = DelegateExampleTests.m; sourceTree = "<group>"; };
		2E3707FC1FAAE727002E772E /* Info.plist */ = {isa = PBXFileReference; lastKnownFileType = text.plist.xml; path = Info.plist; sourceTree = "<group>"; };
		2E3708011FAAE727002E772E /* DelegateExampleUITests.xctest */ = {isa = PBXFileReference; explicitFileType = wrapper.cfbundle; includeInIndex = 0; path = DelegateExampleUITests.xctest; sourceTree = BUILT_PRODUCTS_DIR; };
		2E3708051FAAE727002E772E /* DelegateExampleUITests.m */ = {isa = PBXFileReference; lastKnownFileType = sourcecode.c.objc; path = DelegateExampleUITests.m; sourceTree = "<group>"; };
		2E3708071FAAE727002E772E /* Info.plist */ = {isa = PBXFileReference; lastKnownFileType = text.plist.xml; path = Info.plist; sourceTree = "<group>"; };
		2E3708131FAAF34B002E772E /* UIView+LayoutMethods.h */ = {isa = PBXFileReference; fileEncoding = 4; lastKnownFileType = sourcecode.c.h; path = "UIView+LayoutMethods.h"; sourceTree = "<group>"; };
		2E3708141FAAF34B002E772E /* UIView+LayoutMethods.m */ = {isa = PBXFileReference; fileEncoding = 4; lastKnownFileType = sourcecode.c.objc; path = "UIView+LayoutMethods.m"; sourceTree = "<group>"; };
		2E3708161FAAF4A4002E772E /* SecondViewController.h */ = {isa = PBXFileReference; lastKnownFileType = sourcecode.c.h; path = SecondViewController.h; sourceTree = "<group>"; };
		2E3708171FAAF4A4002E772E /* SecondViewController.m */ = {isa = PBXFileReference; lastKnownFileType = sourcecode.c.objc; path = SecondViewController.m; sourceTree = "<group>"; };
		2E37081B1FAAF83D002E772E /* CLYSendNameDelegate.h */ = {isa = PBXFileReference; lastKnownFileType = sourcecode.c.h; path = CLYSendNameDelegate.h; sourceTree = "<group>"; };
		44B83C766C6E4C6047DC0287 /* Pods-DelegateExample.debug.xcconfig */ = {isa = PBXFileReference; includeInIndex = 1; lastKnownFileType = text.xcconfig; name = "Pods-DelegateExample.debug.xcconfig"; path = "Pods/Target Support Files/Pods-DelegateExample/Pods-DelegateExample.debug.xcconfig"; sourceTree = "<group>"; };
		E142AEB03A7CCA12E61A561D /* Pods-DelegateExample.release.xcconfig */ = {isa = PBXFileReference; includeInIndex = 1; lastKnownFileType = text.xcconfig; name = "Pods-DelegateExample.release.xcconfig"; path = "Pods/Target Support Files/Pods-DelegateExample/Pods-DelegateExample.release.xcconfig"; sourceTree = "<group>"; };
/* End PBXFileReference section */

/* Begin PBXFrameworksBuildPhase section */
		2E3707DB1FAAE727002E772E /* Frameworks */ = {
			isa = PBXFrameworksBuildPhase;
			buildActionMask = 2147483647;
			files = (
				6458D195C89DBFFA8458C5CA /* Pods_DelegateExample.framework in Frameworks */,
			);
			runOnlyForDeploymentPostprocessing = 0;
		};
		2E3707F31FAAE727002E772E /* Frameworks */ = {
			isa = PBXFrameworksBuildPhase;
			buildActionMask = 2147483647;
			files = (
			);
			runOnlyForDeploymentPostprocessing = 0;
		};
		2E3707FE1FAAE727002E772E /* Frameworks */ = {
			isa = PBXFrameworksBuildPhase;
			buildActionMask = 2147483647;
			files = (
			);
			runOnlyForDeploymentPostprocessing = 0;
		};
/* End PBXFrameworksBuildPhase section */

/* Begin PBXGroup section */
		18071B11B1211AD19EAA33D1 /* Frameworks */ = {
			isa = PBXGroup;
			children = (
				0D40BCC4C55C55EC4FDC76F9 /* Pods_DelegateExample.framework */,
			);
			name = Frameworks;
			sourceTree = "<group>";
		};
		2E3707D51FAAE727002E772E = {
			isa = PBXGroup;
			children = (
				2E3707E01FAAE727002E772E /* DelegateExample */,
				2E3707F91FAAE727002E772E /* DelegateExampleTests */,
				2E3708041FAAE727002E772E /* DelegateExampleUITests */,
				2E3707DF1FAAE727002E772E /* Products */,
				2F984EA2F8B8D1B3A7B03534 /* Pods */,
				18071B11B1211AD19EAA33D1 /* Frameworks */,
			);
			sourceTree = "<group>";
		};
		2E3707DF1FAAE727002E772E /* Products */ = {
			isa = PBXGroup;
			children = (
				2E3707DE1FAAE727002E772E /* DelegateExample.app */,
				2E3707F61FAAE727002E772E /* DelegateExampleTests.xctest */,
				2E3708011FAAE727002E772E /* DelegateExampleUITests.xctest */,
			);
			name = Products;
			sourceTree = "<group>";
		};
		2E3707E01FAAE727002E772E /* DelegateExample */ = {
			isa = PBXGroup;
			children = (
				2E3708131FAAF34B002E772E /* UIView+LayoutMethods.h */,
				2E3708141FAAF34B002E772E /* UIView+LayoutMethods.m */,
				2E3707E11FAAE727002E772E /* AppDelegate.h */,
				2E3707E21FAAE727002E772E /* AppDelegate.m */,
				2E3707E41FAAE727002E772E /* ViewController.h */,
				2E3707E51FAAE727002E772E /* ViewController.m */,
				2E3708161FAAF4A4002E772E /* SecondViewController.h */,
				2E3708171FAAF4A4002E772E /* SecondViewController.m */,
				2E37081B1FAAF83D002E772E /* CLYSendNameDelegate.h */,
				2E3707E71FAAE727002E772E /* Main.storyboard */,
				2E3707EA1FAAE727002E772E /* Assets.xcassets */,
				2E3707EC1FAAE727002E772E /* LaunchScreen.storyboard */,
				2E3707EF1FAAE727002E772E /* Info.plist */,
				2E3707F01FAAE727002E772E /* main.m */,
			);
			path = DelegateExample;
			sourceTree = "<group>";
		};
		2E3707F91FAAE727002E772E /* DelegateExampleTests */ = {
			isa = PBXGroup;
			children = (
				2E3707FA1FAAE727002E772E /* DelegateExampleTests.m */,
				2E3707FC1FAAE727002E772E /* Info.plist */,
			);
			path = DelegateExampleTests;
			sourceTree = "<group>";
		};
		2E3708041FAAE727002E772E /* DelegateExampleUITests */ = {
			isa = PBXGroup;
			children = (
				2E3708051FAAE727002E772E /* DelegateExampleUITests.m */,
				2E3708071FAAE727002E772E /* Info.plist */,
			);
			path = DelegateExampleUITests;
			sourceTree = "<group>";
		};
		2F984EA2F8B8D1B3A7B03534 /* Pods */ = {
			isa = PBXGroup;
			children = (
				44B83C766C6E4C6047DC0287 /* Pods-DelegateExample.debug.xcconfig */,
				E142AEB03A7CCA12E61A561D /* Pods-DelegateExample.release.xcconfig */,
			);
			name = Pods;
			sourceTree = "<group>";
		};
/* End PBXGroup section */

/* Begin PBXNativeTarget section */
		2E3707DD1FAAE727002E772E /* DelegateExample */ = {
			isa = PBXNativeTarget;
			buildConfigurationList = 2E37080A1FAAE727002E772E /* Build configuration list for PBXNativeTarget "DelegateExample" */;
			buildPhases = (
				90129CFA8BE74CD5240A6234 /* [CP] Check Pods Manifest.lock */,
				2E3707DA1FAAE727002E772E /* Sources */,
				2E3707DB1FAAE727002E772E /* Frameworks */,
				2E3707DC1FAAE727002E772E /* Resources */,
				7B2ED496295E7EE3AC89C457 /* [CP] Embed Pods Frameworks */,
				B90E7DA714CC58921E03F5C7 /* [CP] Copy Pods Resources */,
			);
			buildRules = (
			);
			dependencies = (
			);
			name = DelegateExample;
			productName = DelegateExample;
			productReference = 2E3707DE1FAAE727002E772E /* DelegateExample.app */;
			productType = "com.apple.product-type.application";
		};
		2E3707F51FAAE727002E772E /* DelegateExampleTests */ = {
			isa = PBXNativeTarget;
			buildConfigurationList = 2E37080D1FAAE727002E772E /* Build configuration list for PBXNativeTarget "DelegateExampleTests" */;
			buildPhases = (
				2E3707F21FAAE727002E772E /* Sources */,
				2E3707F31FAAE727002E772E /* Frameworks */,
				2E3707F41FAAE727002E772E /* Resources */,
			);
			buildRules = (
			);
			dependencies = (
				2E3707F81FAAE727002E772E /* PBXTargetDependency */,
			);
			name = DelegateExampleTests;
			productName = DelegateExampleTests;
			productReference = 2E3707F61FAAE727002E772E /* DelegateExampleTests.xctest */;
			productType = "com.apple.product-type.bundle.unit-test";
		};
		2E3708001FAAE727002E772E /* DelegateExampleUITests */ = {
			isa = PBXNativeTarget;
			buildConfigurationList = 2E3708101FAAE727002E772E /* Build configuration list for PBXNativeTarget "DelegateExampleUITests" */;
			buildPhases = (
				2E3707FD1FAAE727002E772E /* Sources */,
				2E3707FE1FAAE727002E772E /* Frameworks */,
				2E3707FF1FAAE727002E772E /* Resources */,
			);
			buildRules = (
			);
			dependencies = (
				2E3708031FAAE727002E772E /* PBXTargetDependency */,
			);
			name = DelegateExampleUITests;
			productName = DelegateExampleUITests;
			productReference = 2E3708011FAAE727002E772E /* DelegateExampleUITests.xctest */;
			productType = "com.apple.product-type.bundle.ui-testing";
		};
/* End PBXNativeTarget section */

/* Begin PBXProject section */
		2E3707D61FAAE727002E772E /* Project object */ = {
			isa = PBXProject;
			attributes = {
				LastUpgradeCheck = 0900;
				ORGANIZATIONNAME = "hsx770911@126.com";
				TargetAttributes = {
					2E3707DD1FAAE727002E772E = {
						CreatedOnToolsVersion = 9.0;
						ProvisioningStyle = Automatic;
					};
					2E3707F51FAAE727002E772E = {
						CreatedOnToolsVersion = 9.0;
						ProvisioningStyle = Automatic;
						TestTargetID = 2E3707DD1FAAE727002E772E;
					};
					2E3708001FAAE727002E772E = {
						CreatedOnToolsVersion = 9.0;
						ProvisioningStyle = Automatic;
						TestTargetID = 2E3707DD1FAAE727002E772E;
					};
				};
			};
			buildConfigurationList = 2E3707D91FAAE727002E772E /* Build configuration list for PBXProject "DelegateExample" */;
			compatibilityVersion = "Xcode 8.0";
			developmentRegion = en;
			hasScannedForEncodings = 0;
			knownRegions = (
				en,
				Base,
			);
			mainGroup = 2E3707D51FAAE727002E772E;
			productRefGroup = 2E3707DF1FAAE727002E772E /* Products */;
			projectDirPath = "";
			projectRoot = "";
			targets = (
				2E3707DD1FAAE727002E772E /* DelegateExample */,
				2E3707F51FAAE727002E772E /* DelegateExampleTests */,
				2E3708001FAAE727002E772E /* DelegateExampleUITests */,
			);
		};
/* End PBXProject section */

/* Begin PBXResourcesBuildPhase section */
		2E3707DC1FAAE727002E772E /* Resources */ = {
			isa = PBXResourcesBuildPhase;
			buildActionMask = 2147483647;
			files = (
				2E3707EE1FAAE727002E772E /* LaunchScreen.storyboard in Resources */,
				2E3707EB1FAAE727002E772E /* Assets.xcassets in Resources */,
				2E3707E91FAAE727002E772E /* Main.storyboard in Resources */,
			);
			runOnlyForDeploymentPostprocessing = 0;
		};
		2E3707F41FAAE727002E772E /* Resources */ = {
			isa = PBXResourcesBuildPhase;
			buildActionMask = 2147483647;
			files = (
			);
			runOnlyForDeploymentPostprocessing = 0;
		};
		2E3707FF1FAAE727002E772E /* Resources */ = {
			isa = PBXResourcesBuildPhase;
			buildActionMask = 2147483647;
			files = (
			);
			runOnlyForDeploymentPostprocessing = 0;
		};
/* End PBXResourcesBuildPhase section */

/* Begin PBXShellScriptBuildPhase section */
		7B2ED496295E7EE3AC89C457 /* [CP] Embed Pods Frameworks */ = {
			isa = PBXShellScriptBuildPhase;
			buildActionMask = 2147483647;
			files = (
			);
			inputPaths = (
				"${SRCROOT}/Pods/Target Support Files/Pods-DelegateExample/Pods-DelegateExample-frameworks.sh",
				"${BUILT_PRODUCTS_DIR}/HandyFrame/HandyFrame.framework",
			);
			name = "[CP] Embed Pods Frameworks";
			outputPaths = (
				"${TARGET_BUILD_DIR}/${FRAMEWORKS_FOLDER_PATH}/HandyFrame.framework",
			);
			runOnlyForDeploymentPostprocessing = 0;
			shellPath = /bin/sh;
			shellScript = "\"${SRCROOT}/Pods/Target Support Files/Pods-DelegateExample/Pods-DelegateExample-frameworks.sh\"\n";
			showEnvVarsInLog = 0;
		};
		90129CFA8BE74CD5240A6234 /* [CP] Check Pods Manifest.lock */ = {
			isa = PBXShellScriptBuildPhase;
			buildActionMask = 2147483647;
			files = (
			);
			inputPaths = (
				"${PODS_PODFILE_DIR_PATH}/Podfile.lock",
				"${PODS_ROOT}/Manifest.lock",
			);
			name = "[CP] Check Pods Manifest.lock";
			outputPaths = (
				"$(DERIVED_FILE_DIR)/Pods-DelegateExample-checkManifestLockResult.txt",
			);
			runOnlyForDeploymentPostprocessing = 0;
			shellPath = /bin/sh;
			shellScript = "diff \"${PODS_PODFILE_DIR_PATH}/Podfile.lock\" \"${PODS_ROOT}/Manifest.lock\" > /dev/null\nif [ $? != 0 ] ; then\n    # print error to STDERR\n    echo \"error: The sandbox is not in sync with the Podfile.lock. Run 'pod install' or update your CocoaPods installation.\" >&2\n    exit 1\nfi\n# This output is used by Xcode 'outputs' to avoid re-running this script phase.\necho \"SUCCESS\" > \"${SCRIPT_OUTPUT_FILE_0}\"\n";
			showEnvVarsInLog = 0;
		};
		B90E7DA714CC58921E03F5C7 /* [CP] Copy Pods Resources */ = {
			isa = PBXShellScriptBuildPhase;
			buildActionMask = 2147483647;
			files = (
			);
			inputPaths = (
			);
			name = "[CP] Copy Pods Resources";
			outputPaths = (
			);
			runOnlyForDeploymentPostprocessing = 0;
			shellPath = /bin/sh;
			shellScript = "\"${SRCROOT}/Pods/Target Support Files/Pods-DelegateExample/Pods-DelegateExample-resources.sh\"\n";
			showEnvVarsInLog = 0;
		};
/* End PBXShellScriptBuildPhase section */

/* Begin PBXSourcesBuildPhase section */
		2E3707DA1FAAE727002E772E /* Sources */ = {
			isa = PBXSourcesBuildPhase;
			buildActionMask = 2147483647;
			files = (
				2E3708181FAAF4A4002E772E /* SecondViewController.m in Sources */,
				2E3707E61FAAE727002E772E /* ViewController.m in Sources */,
				2E3707F11FAAE727002E772E /* main.m in Sources */,
				2E3707E31FAAE727002E772E /* AppDelegate.m in Sources */,
				2E3708151FAAF34C002E772E /* UIView+LayoutMethods.m in Sources */,
			);
			runOnlyForDeploymentPostprocessing = 0;
		};
		2E3707F21FAAE727002E772E /* Sources */ = {
			isa = PBXSourcesBuildPhase;
			buildActionMask = 2147483647;
			files = (
				2E3707FB1FAAE727002E772E /* DelegateExampleTests.m in Sources */,
			);
			runOnlyForDeploymentPostprocessing = 0;
		};
		2E3707FD1FAAE727002E772E /* Sources */ = {
			isa = PBXSourcesBuildPhase;
			buildActionMask = 2147483647;
			files = (
				2E3708061FAAE727002E772E /* DelegateExampleUITests.m in Sources */,
			);
			runOnlyForDeploymentPostprocessing = 0;
		};
/* End PBXSourcesBuildPhase section */

/* Begin PBXTargetDependency section */
		2E3707F81FAAE727002E772E /* PBXTargetDependency */ = {
			isa = PBXTargetDependency;
			target = 2E3707DD1FAAE727002E772E /* DelegateExample */;
			targetProxy = 2E3707F71FAAE727002E772E /* PBXContainerItemProxy */;
		};
		2E3708031FAAE727002E772E /* PBXTargetDependency */ = {
			isa = PBXTargetDependency;
			target = 2E3707DD1FAAE727002E772E /* DelegateExample */;
			targetProxy = 2E3708021FAAE727002E772E /* PBXContainerItemProxy */;
		};
/* End PBXTargetDependency section */

/* Begin PBXVariantGroup section */
		2E3707E71FAAE727002E772E /* Main.storyboard */ = {
			isa = PBXVariantGroup;
			children = (
				2E3707E81FAAE727002E772E /* Base */,
			);
			name = Main.storyboard;
			sourceTree = "<group>";
		};
		2E3707EC1FAAE727002E772E /* LaunchScreen.storyboard */ = {
			isa = PBXVariantGroup;
			children = (
				2E3707ED1FAAE727002E772E /* Base */,
			);
			name = LaunchScreen.storyboard;
			sourceTree = "<group>";
		};
/* End PBXVariantGroup section */

/* Begin XCBuildConfiguration section */
		2E3708081FAAE727002E772E /* Debug */ = {
			isa = XCBuildConfiguration;
			buildSettings = {
				ALWAYS_SEARCH_USER_PATHS = NO;
				CLANG_ANALYZER_NONNULL = YES;
				CLANG_ANALYZER_NUMBER_OBJECT_CONVERSION = YES_AGGRESSIVE;
				CLANG_CXX_LANGUAGE_STANDARD = "gnu++14";
				CLANG_CXX_LIBRARY = "libc++";
				CLANG_ENABLE_MODULES = YES;
				CLANG_ENABLE_OBJC_ARC = YES;
				CLANG_WARN_BLOCK_CAPTURE_AUTORELEASING = YES;
				CLANG_WARN_BOOL_CONVERSION = YES;
				CLANG_WARN_COMMA = YES;
				CLANG_WARN_CONSTANT_CONVERSION = YES;
				CLANG_WARN_DIRECT_OBJC_ISA_USAGE = YES_ERROR;
				CLANG_WARN_DOCUMENTATION_COMMENTS = YES;
				CLANG_WARN_EMPTY_BODY = YES;
				CLANG_WARN_ENUM_CONVERSION = YES;
				CLANG_WARN_INFINITE_RECURSION = YES;
				CLANG_WARN_INT_CONVERSION = YES;
				CLANG_WARN_NON_LITERAL_NULL_CONVERSION = YES;
				CLANG_WARN_OBJC_LITERAL_CONVERSION = YES;
				CLANG_WARN_OBJC_ROOT_CLASS = YES_ERROR;
				CLANG_WARN_RANGE_LOOP_ANALYSIS = YES;
				CLANG_WARN_STRICT_PROTOTYPES = YES;
				CLANG_WARN_SUSPICIOUS_MOVE = YES;
				CLANG_WARN_UNGUARDED_AVAILABILITY = YES_AGGRESSIVE;
				CLANG_WARN_UNREACHABLE_CODE = YES;
				CLANG_WARN__DUPLICATE_METHOD_MATCH = YES;
				CODE_SIGN_IDENTITY = "iPhone Developer";
				COPY_PHASE_STRIP = NO;
				DEBUG_INFORMATION_FORMAT = dwarf;
				ENABLE_STRICT_OBJC_MSGSEND = YES;
				ENABLE_TESTABILITY = YES;
				GCC_C_LANGUAGE_STANDARD = gnu11;
				GCC_DYNAMIC_NO_PIC = NO;
				GCC_NO_COMMON_BLOCKS = YES;
				GCC_OPTIMIZATION_LEVEL = 0;
				GCC_PREPROCESSOR_DEFINITIONS = (
					"DEBUG=1",
					"$(inherited)",
				);
				GCC_WARN_64_TO_32_BIT_CONVERSION = YES;
				GCC_WARN_ABOUT_RETURN_TYPE = YES_ERROR;
				GCC_WARN_UNDECLARED_SELECTOR = YES;
				GCC_WARN_UNINITIALIZED_AUTOS = YES_AGGRESSIVE;
				GCC_WARN_UNUSED_FUNCTION = YES;
				GCC_WARN_UNUSED_VARIABLE = YES;
				IPHONEOS_DEPLOYMENT_TARGET = 11.0;
				MTL_ENABLE_DEBUG_INFO = YES;
				ONLY_ACTIVE_ARCH = YES;
				SDKROOT = iphoneos;
			};
			name = Debug;
		};
		2E3708091FAAE727002E772E /* Release */ = {
			isa = XCBuildConfiguration;
			buildSettings = {
				ALWAYS_SEARCH_USER_PATHS = NO;
				CLANG_ANALYZER_NONNULL = YES;
				CLANG_ANALYZER_NUMBER_OBJECT_CONVERSION = YES_AGGRESSIVE;
				CLANG_CXX_LANGUAGE_STANDARD = "gnu++14";
				CLANG_CXX_LIBRARY = "libc++";
				CLANG_ENABLE_MODULES = YES;
				CLANG_ENABLE_OBJC_ARC = YES;
				CLANG_WARN_BLOCK_CAPTURE_AUTORELEASING = YES;
				CLANG_WARN_BOOL_CONVERSION = YES;
				CLANG_WARN_COMMA = YES;
				CLANG_WARN_CONSTANT_CONVERSION = YES;
				CLANG_WARN_DIRECT_OBJC_ISA_USAGE = YES_ERROR;
				CLANG_WARN_DOCUMENTATION_COMMENTS = YES;
				CLANG_WARN_EMPTY_BODY = YES;
				CLANG_WARN_ENUM_CONVERSION = YES;
				CLANG_WARN_INFINITE_RECURSION = YES;
				CLANG_WARN_INT_CONVERSION = YES;
				CLANG_WARN_NON_LITERAL_NULL_CONVERSION = YES;
				CLANG_WARN_OBJC_LITERAL_CONVERSION = YES;
				CLANG_WARN_OBJC_ROOT_CLASS = YES_ERROR;
				CLANG_WARN_RANGE_LOOP_ANALYSIS = YES;
				CLANG_WARN_STRICT_PROTOTYPES = YES;
				CLANG_WARN_SUSPICIOUS_MOVE = YES;
				CLANG_WARN_UNGUARDED_AVAILABILITY = YES_AGGRESSIVE;
				CLANG_WARN_UNREACHABLE_CODE = YES;
				CLANG_WARN__DUPLICATE_METHOD_MATCH = YES;
				CODE_SIGN_IDENTITY = "iPhone Developer";
				COPY_PHASE_STRIP = NO;
				DEBUG_INFORMATION_FORMAT = "dwarf-with-dsym";
				ENABLE_NS_ASSERTIONS = NO;
				ENABLE_STRICT_OBJC_MSGSEND = YES;
				GCC_C_LANGUAGE_STANDARD = gnu11;
				GCC_NO_COMMON_BLOCKS = YES;
				GCC_WARN_64_TO_32_BIT_CONVERSION = YES;
				GCC_WARN_ABOUT_RETURN_TYPE = YES_ERROR;
				GCC_WARN_UNDECLARED_SELECTOR = YES;
				GCC_WARN_UNINITIALIZED_AUTOS = YES_AGGRESSIVE;
				GCC_WARN_UNUSED_FUNCTION = YES;
				GCC_WARN_UNUSED_VARIABLE = YES;
				IPHONEOS_DEPLOYMENT_TARGET = 11.0;
				MTL_ENABLE_DEBUG_INFO = NO;
				SDKROOT = iphoneos;
				VALIDATE_PRODUCT = YES;
			};
			name = Release;
		};
		2E37080B1FAAE727002E772E /* Debug */ = {
			isa = XCBuildConfiguration;
			baseConfigurationReference = 44B83C766C6E4C6047DC0287 /* Pods-DelegateExample.debug.xcconfig */;
			buildSettings = {
				ASSETCATALOG_COMPILER_APPICON_NAME = AppIcon;
				CODE_SIGN_STYLE = Automatic;
				DEVELOPMENT_TEAM = 39P72N6YMP;
				INFOPLIST_FILE = DelegateExample/Info.plist;
				LD_RUNPATH_SEARCH_PATHS = "$(inherited) @executable_path/Frameworks";
				PRODUCT_BUNDLE_IDENTIFIER = baobiao.com.DelegateExample;
				PRODUCT_NAME = "$(TARGET_NAME)";
				TARGETED_DEVICE_FAMILY = "1,2";
			};
			name = Debug;
		};
		2E37080C1FAAE727002E772E /* Release */ = {
			isa = XCBuildConfiguration;
			baseConfigurationReference = E142AEB03A7CCA12E61A561D /* Pods-DelegateExample.release.xcconfig */;
			buildSettings = {
				ASSETCATALOG_COMPILER_APPICON_NAME = AppIcon;
				CODE_SIGN_STYLE = Automatic;
				DEVELOPMENT_TEAM = 39P72N6YMP;
				INFOPLIST_FILE = DelegateExample/Info.plist;
				LD_RUNPATH_SEARCH_PATHS = "$(inherited) @executable_path/Frameworks";
				PRODUCT_BUNDLE_IDENTIFIER = baobiao.com.DelegateExample;
				PRODUCT_NAME = "$(TARGET_NAME)";
				TARGETED_DEVICE_FAMILY = "1,2";
			};
			name = Release;
		};
		2E37080E1FAAE727002E772E /* Debug */ = {
			isa = XCBuildConfiguration;
			buildSettings = {
				BUNDLE_LOADER = "$(TEST_HOST)";
				CODE_SIGN_STYLE = Automatic;
				DEVELOPMENT_TEAM = 39P72N6YMP;
				INFOPLIST_FILE = DelegateExampleTests/Info.plist;
				LD_RUNPATH_SEARCH_PATHS = "$(inherited) @executable_path/Frameworks @loader_path/Frameworks";
				PRODUCT_BUNDLE_IDENTIFIER = baobiao.com.DelegateExampleTests;
				PRODUCT_NAME = "$(TARGET_NAME)";
				TARGETED_DEVICE_FAMILY = "1,2";
				TEST_HOST = "$(BUILT_PRODUCTS_DIR)/DelegateExample.app/DelegateExample";
			};
			name = Debug;
		};
		2E37080F1FAAE727002E772E /* Release */ = {
			isa = XCBuildConfiguration;
			buildSettings = {
				BUNDLE_LOADER = "$(TEST_HOST)";
				CODE_SIGN_STYLE = Automatic;
				DEVELOPMENT_TEAM = 39P72N6YMP;
				INFOPLIST_FILE = DelegateExampleTests/Info.plist;
				LD_RUNPATH_SEARCH_PATHS = "$(inherited) @executable_path/Frameworks @loader_path/Frameworks";
				PRODUCT_BUNDLE_IDENTIFIER = baobiao.com.DelegateExampleTests;
				PRODUCT_NAME = "$(TARGET_NAME)";
				TARGETED_DEVICE_FAMILY = "1,2";
				TEST_HOST = "$(BUILT_PRODUCTS_DIR)/DelegateExample.app/DelegateExample";
			};
			name = Release;
		};
		2E3708111FAAE727002E772E /* Debug */ = {
			isa = XCBuildConfiguration;
			buildSettings = {
				CODE_SIGN_STYLE = Automatic;
				DEVELOPMENT_TEAM = 39P72N6YMP;
				INFOPLIST_FILE = DelegateExampleUITests/Info.plist;
				LD_RUNPATH_SEARCH_PATHS = "$(inherited) @executable_path/Frameworks @loader_path/Frameworks";
				PRODUCT_BUNDLE_IDENTIFIER = baobiao.com.DelegateExampleUITests;
				PRODUCT_NAME = "$(TARGET_NAME)";
				TARGETED_DEVICE_FAMILY = "1,2";
				TEST_TARGET_NAME = DelegateExample;
			};
			name = Debug;
		};
		2E3708121FAAE727002E772E /* Release */ = {
			isa = XCBuildConfiguration;
			buildSettings = {
				CODE_SIGN_STYLE = Automatic;
				DEVELOPMENT_TEAM = 39P72N6YMP;
				INFOPLIST_FILE = DelegateExampleUITests/Info.plist;
				LD_RUNPATH_SEARCH_PATHS = "$(inherited) @executable_path/Frameworks @loader_path/Frameworks";
				PRODUCT_BUNDLE_IDENTIFIER = baobiao.com.DelegateExampleUITests;
				PRODUCT_NAME = "$(TARGET_NAME)";
				TARGETED_DEVICE_FAMILY = "1,2";
				TEST_TARGET_NAME = DelegateExample;
			};
			name = Release;
		};
/* End XCBuildConfiguration section */

/* Begin XCConfigurationList section */
		2E3707D91FAAE727002E772E /* Build configuration list for PBXProject "DelegateExample" */ = {
			isa = XCConfigurationList;
			buildConfigurations = (
				2E3708081FAAE727002E772E /* Debug */,
				2E3708091FAAE727002E772E /* Release */,
			);
			defaultConfigurationIsVisible = 0;
			defaultConfigurationName = Release;
		};
		2E37080A1FAAE727002E772E /* Build configuration list for PBXNativeTarget "DelegateExample" */ = {
			isa = XCConfigurationList;
			buildConfigurations = (
				2E37080B1FAAE727002E772E /* Debug */,
				2E37080C1FAAE727002E772E /* Release */,
			);
			defaultConfigurationIsVisible = 0;
			defaultConfigurationName = Release;
		};
		2E37080D1FAAE727002E772E /* Build configuration list for PBXNativeTarget "DelegateExampleTests" */ = {
			isa = XCConfigurationList;
			buildConfigurations = (
				2E37080E1FAAE727002E772E /* Debug */,
				2E37080F1FAAE727002E772E /* Release */,
			);
			defaultConfigurationIsVisible = 0;
			defaultConfigurationName = Release;
		};
		2E3708101FAAE727002E772E /* Build configuration list for PBXNativeTarget "DelegateExampleUITests" */ = {
			isa = XCConfigurationList;
			buildConfigurations = (
				2E3708111FAAE727002E772E /* Debug */,
				2E3708121FAAE727002E772E /* Release */,
			);
			defaultConfigurationIsVisible = 0;
			defaultConfigurationName = Release;
		};
/* End XCConfigurationList section */
	};
	rootObject = 2E3707D61FAAE727002E772E /* Project object */;
}
